// !$*UTF8*$!
{
	archiveVersion = 1;
	classes = {
	};
	objectVersion = 55;
	objects = {

/* Begin PBXBuildFile section */
		FE1E79FA279FD2600043F0F7 /* Onboding.swift in Sources */ = {isa = PBXBuildFile; fileRef = FE1E79F9279FD2600043F0F7 /* Onboding.swift */; };
		FE1E79FE279FD46D0043F0F7 /* FIRAuth.swift in Sources */ = {isa = PBXBuildFile; fileRef = FE1E79FD279FD46D0043F0F7 /* FIRAuth.swift */; };
		FE1E7A0027A052CC0043F0F7 /* UserInfo.swift in Sources */ = {isa = PBXBuildFile; fileRef = FE1E79FF27A052CC0043F0F7 /* UserInfo.swift */; };
		FE1E7A0627A1939A0043F0F7 /* InitialViewComtroller.swift in Sources */ = {isa = PBXBuildFile; fileRef = FE1E7A0527A1939A0043F0F7 /* InitialViewComtroller.swift */; };
		FE1E7A0927A1B4430043F0F7 /* JGProgressHUD in Frameworks */ = {isa = PBXBuildFile; productRef = FE1E7A0827A1B4430043F0F7 /* JGProgressHUD */; };
		FE26BD0B2796832600E92519 /* AppDelegate.swift in Sources */ = {isa = PBXBuildFile; fileRef = FE26BD0A2796832600E92519 /* AppDelegate.swift */; };
		FE26BD0D2796832600E92519 /* SceneDelegate.swift in Sources */ = {isa = PBXBuildFile; fileRef = FE26BD0C2796832600E92519 /* SceneDelegate.swift */; };
		FE26BD142796832800E92519 /* Assets.xcassets in Resources */ = {isa = PBXBuildFile; fileRef = FE26BD132796832800E92519 /* Assets.xcassets */; };
		FE26BD172796832800E92519 /* LaunchScreen.storyboard in Resources */ = {isa = PBXBuildFile; fileRef = FE26BD152796832800E92519 /* LaunchScreen.storyboard */; };
		FE515940279692F900E2CFBD /* ColorExtension.swift in Sources */ = {isa = PBXBuildFile; fileRef = FE51593F279692F900E2CFBD /* ColorExtension.swift */; };
		FE515942279694FB00E2CFBD /* FontExtension.swift in Sources */ = {isa = PBXBuildFile; fileRef = FE515941279694FB00E2CFBD /* FontExtension.swift */; };
		FE5159462796A0CE00E2CFBD /* NotoSansCJKkr-Regular.otf in Resources */ = {isa = PBXBuildFile; fileRef = FE5159442796A0CE00E2CFBD /* NotoSansCJKkr-Regular.otf */; };
		FE5159472796A0CE00E2CFBD /* NotoSansCJKkr-Medium.otf in Resources */ = {isa = PBXBuildFile; fileRef = FE5159452796A0CE00E2CFBD /* NotoSansCJKkr-Medium.otf */; };
		FE51594A2796A8C000E2CFBD /* SnapKit in Frameworks */ = {isa = PBXBuildFile; productRef = FE5159492796A8C000E2CFBD /* SnapKit */; };
		FE51595127993EFD00E2CFBD /* MainButton.swift in Sources */ = {isa = PBXBuildFile; fileRef = FE51595027993EFD00E2CFBD /* MainButton.swift */; };
		FE5159542799B4D500E2CFBD /* MainTextField.swift in Sources */ = {isa = PBXBuildFile; fileRef = FE5159532799B4D500E2CFBD /* MainTextField.swift */; };
		FE5159562799B95500E2CFBD /* ViewProtocols.swift in Sources */ = {isa = PBXBuildFile; fileRef = FE5159552799B95500E2CFBD /* ViewProtocols.swift */; };
		FE515958279A894C00E2CFBD /* LoginBaseView.swift in Sources */ = {isa = PBXBuildFile; fileRef = FE515957279A894C00E2CFBD /* LoginBaseView.swift */; };
		FE51595A279A8DEB00E2CFBD /* LoginView.swift in Sources */ = {isa = PBXBuildFile; fileRef = FE515959279A8DEB00E2CFBD /* LoginView.swift */; };
		FE51595D279A90F300E2CFBD /* LoginViewController.swift in Sources */ = {isa = PBXBuildFile; fileRef = FE51595C279A90F300E2CFBD /* LoginViewController.swift */; };
		FE51595F279A984300E2CFBD /* BaseViewController.swift in Sources */ = {isa = PBXBuildFile; fileRef = FE51595E279A984300E2CFBD /* BaseViewController.swift */; };
		FE515967279AA2C800E2CFBD /* ConfirmView.swift in Sources */ = {isa = PBXBuildFile; fileRef = FE515966279AA2C800E2CFBD /* ConfirmView.swift */; };
		FE515969279AAED600E2CFBD /* ConfirmViewController.swift in Sources */ = {isa = PBXBuildFile; fileRef = FE515968279AAED600E2CFBD /* ConfirmViewController.swift */; };
		FE51596C279AFE7400E2CFBD /* Toast in Frameworks */ = {isa = PBXBuildFile; productRef = FE51596B279AFE7400E2CFBD /* Toast */; };
		FE51596F279AFE8200E2CFBD /* Alamofire in Frameworks */ = {isa = PBXBuildFile; productRef = FE51596E279AFE8200E2CFBD /* Alamofire */; };
		FE515977279B0DE800E2CFBD /* LoginViewModel.swift in Sources */ = {isa = PBXBuildFile; fileRef = FE515976279B0DE800E2CFBD /* LoginViewModel.swift */; };
		FE515979279B1DA400E2CFBD /* Observable.swift in Sources */ = {isa = PBXBuildFile; fileRef = FE515978279B1DA400E2CFBD /* Observable.swift */; };
		FE7BDCBD279B3C6C001C75A9 /* FirebaseAnalytics in Frameworks */ = {isa = PBXBuildFile; productRef = FE7BDCBC279B3C6C001C75A9 /* FirebaseAnalytics */; };
		FE7BDCBF279B3C6C001C75A9 /* FirebaseAuth in Frameworks */ = {isa = PBXBuildFile; productRef = FE7BDCBE279B3C6C001C75A9 /* FirebaseAuth */; };
		FE7BDCC1279B3C6C001C75A9 /* FirebaseMessaging in Frameworks */ = {isa = PBXBuildFile; productRef = FE7BDCC0279B3C6C001C75A9 /* FirebaseMessaging */; };
		FE7BDCC4279BC1E6001C75A9 /* GoogleService-Info.plist in Resources */ = {isa = PBXBuildFile; fileRef = FE7BDCC3279BC1E6001C75A9 /* GoogleService-Info.plist */; };
		FE7BDCCA279C0F42001C75A9 /* NickNameViewController.swift in Sources */ = {isa = PBXBuildFile; fileRef = FE7BDCC9279C0F42001C75A9 /* NickNameViewController.swift */; };
		FE7BDCCC279C4CA3001C75A9 /* NickNameView.swift in Sources */ = {isa = PBXBuildFile; fileRef = FE7BDCCB279C4CA3001C75A9 /* NickNameView.swift */; };
		FE7BDCCE279C5962001C75A9 /* BirthView.swift in Sources */ = {isa = PBXBuildFile; fileRef = FE7BDCCD279C5962001C75A9 /* BirthView.swift */; };
		FE7BDCD0279C5E3E001C75A9 /* BirthSubView.swift in Sources */ = {isa = PBXBuildFile; fileRef = FE7BDCCF279C5E3E001C75A9 /* BirthSubView.swift */; };
		FE7BDCD2279C67B3001C75A9 /* BirthViewController.swift in Sources */ = {isa = PBXBuildFile; fileRef = FE7BDCD1279C67B2001C75A9 /* BirthViewController.swift */; };
		FE7BDCD4279C7788001C75A9 /* LoginViewModel + extension(Birth).swift in Sources */ = {isa = PBXBuildFile; fileRef = FE7BDCD3279C7788001C75A9 /* LoginViewModel + extension(Birth).swift */; };
		FE7BDCD6279C7AFE001C75A9 /* EmailView.swift in Sources */ = {isa = PBXBuildFile; fileRef = FE7BDCD5279C7AFE001C75A9 /* EmailView.swift */; };
		FE7BDCD8279C7B09001C75A9 /* EmailViewController.swift in Sources */ = {isa = PBXBuildFile; fileRef = FE7BDCD7279C7B09001C75A9 /* EmailViewController.swift */; };
		FE7BDCE0279E6868001C75A9 /* GenderView.swift in Sources */ = {isa = PBXBuildFile; fileRef = FE7BDCDF279E6868001C75A9 /* GenderView.swift */; };
		FE7BDCE2279E68C5001C75A9 /* GenderViewController.swift in Sources */ = {isa = PBXBuildFile; fileRef = FE7BDCE1279E68C5001C75A9 /* GenderViewController.swift */; };
		FE7BDCE4279E69B0001C75A9 /* GenderButton.swift in Sources */ = {isa = PBXBuildFile; fileRef = FE7BDCE3279E69B0001C75A9 /* GenderButton.swift */; };
		FE7BDCEA279F04C7001C75A9 /* LoginViewModel + extension(apiCall).swift in Sources */ = {isa = PBXBuildFile; fileRef = FE7BDCE9279F04C7001C75A9 /* LoginViewModel + extension(apiCall).swift */; };
		FE7BDCEC279F04ED001C75A9 /* BaseURL.swift in Sources */ = {isa = PBXBuildFile; fileRef = FE7BDCEB279F04ED001C75A9 /* BaseURL.swift */; };
		FE7BDCF2279F054D001C75A9 /* EndPoint.swift in Sources */ = {isa = PBXBuildFile; fileRef = FE7BDCF1279F054D001C75A9 /* EndPoint.swift */; };
		FE7BDCF4279F0562001C75A9 /* APIService.swift in Sources */ = {isa = PBXBuildFile; fileRef = FE7BDCF3279F0562001C75A9 /* APIService.swift */; };
		FE7BDCF7279F05FB001C75A9 /* UserDefaultsKey.swift in Sources */ = {isa = PBXBuildFile; fileRef = FE7BDCF6279F05FB001C75A9 /* UserDefaultsKey.swift */; };
		FE7BDCF9279F1850001C75A9 /* SignUpModel.swift in Sources */ = {isa = PBXBuildFile; fileRef = FE7BDCF8279F1850001C75A9 /* SignUpModel.swift */; };
		FE7BDCFB279F27BF001C75A9 /* testViewCon.swift in Sources */ = {isa = PBXBuildFile; fileRef = FE7BDCFA279F27BF001C75A9 /* testViewCon.swift */; };
/* End PBXBuildFile section */

/* Begin PBXFileReference section */
		FE1E79F9279FD2600043F0F7 /* Onboding.swift */ = {isa = PBXFileReference; lastKnownFileType = sourcecode.swift; path = Onboding.swift; sourceTree = "<group>"; };
		FE1E79FD279FD46D0043F0F7 /* FIRAuth.swift */ = {isa = PBXFileReference; lastKnownFileType = sourcecode.swift; path = FIRAuth.swift; sourceTree = "<group>"; };
		FE1E79FF27A052CC0043F0F7 /* UserInfo.swift */ = {isa = PBXFileReference; lastKnownFileType = sourcecode.swift; path = UserInfo.swift; sourceTree = "<group>"; };
		FE1E7A0527A1939A0043F0F7 /* InitialViewComtroller.swift */ = {isa = PBXFileReference; lastKnownFileType = sourcecode.swift; path = InitialViewComtroller.swift; sourceTree = "<group>"; };
		FE26BD072796832600E92519 /* SeSACFriends.app */ = {isa = PBXFileReference; explicitFileType = wrapper.application; includeInIndex = 0; path = SeSACFriends.app; sourceTree = BUILT_PRODUCTS_DIR; };
		FE26BD0A2796832600E92519 /* AppDelegate.swift */ = {isa = PBXFileReference; lastKnownFileType = sourcecode.swift; path = AppDelegate.swift; sourceTree = "<group>"; };
		FE26BD0C2796832600E92519 /* SceneDelegate.swift */ = {isa = PBXFileReference; lastKnownFileType = sourcecode.swift; path = SceneDelegate.swift; sourceTree = "<group>"; };
		FE26BD132796832800E92519 /* Assets.xcassets */ = {isa = PBXFileReference; lastKnownFileType = folder.assetcatalog; path = Assets.xcassets; sourceTree = "<group>"; };
		FE26BD162796832800E92519 /* Base */ = {isa = PBXFileReference; lastKnownFileType = file.storyboard; name = Base; path = Base.lproj/LaunchScreen.storyboard; sourceTree = "<group>"; };
		FE26BD182796832800E92519 /* Info.plist */ = {isa = PBXFileReference; lastKnownFileType = text.plist.xml; path = Info.plist; sourceTree = "<group>"; };
		FE51593F279692F900E2CFBD /* ColorExtension.swift */ = {isa = PBXFileReference; lastKnownFileType = sourcecode.swift; path = ColorExtension.swift; sourceTree = "<group>"; };
		FE515941279694FB00E2CFBD /* FontExtension.swift */ = {isa = PBXFileReference; lastKnownFileType = sourcecode.swift; path = FontExtension.swift; sourceTree = "<group>"; };
		FE5159442796A0CE00E2CFBD /* NotoSansCJKkr-Regular.otf */ = {isa = PBXFileReference; lastKnownFileType = file; path = "NotoSansCJKkr-Regular.otf"; sourceTree = "<group>"; };
		FE5159452796A0CE00E2CFBD /* NotoSansCJKkr-Medium.otf */ = {isa = PBXFileReference; lastKnownFileType = file; path = "NotoSansCJKkr-Medium.otf"; sourceTree = "<group>"; };
		FE51595027993EFD00E2CFBD /* MainButton.swift */ = {isa = PBXFileReference; lastKnownFileType = sourcecode.swift; path = MainButton.swift; sourceTree = "<group>"; };
		FE5159532799B4D500E2CFBD /* MainTextField.swift */ = {isa = PBXFileReference; lastKnownFileType = sourcecode.swift; path = MainTextField.swift; sourceTree = "<group>"; };
		FE5159552799B95500E2CFBD /* ViewProtocols.swift */ = {isa = PBXFileReference; lastKnownFileType = sourcecode.swift; path = ViewProtocols.swift; sourceTree = "<group>"; };
		FE515957279A894C00E2CFBD /* LoginBaseView.swift */ = {isa = PBXFileReference; lastKnownFileType = sourcecode.swift; path = LoginBaseView.swift; sourceTree = "<group>"; };
		FE515959279A8DEB00E2CFBD /* LoginView.swift */ = {isa = PBXFileReference; lastKnownFileType = sourcecode.swift; path = LoginView.swift; sourceTree = "<group>"; };
		FE51595C279A90F300E2CFBD /* LoginViewController.swift */ = {isa = PBXFileReference; lastKnownFileType = sourcecode.swift; path = LoginViewController.swift; sourceTree = "<group>"; };
		FE51595E279A984300E2CFBD /* BaseViewController.swift */ = {isa = PBXFileReference; lastKnownFileType = sourcecode.swift; path = BaseViewController.swift; sourceTree = "<group>"; };
		FE515966279AA2C800E2CFBD /* ConfirmView.swift */ = {isa = PBXFileReference; lastKnownFileType = sourcecode.swift; path = ConfirmView.swift; sourceTree = "<group>"; };
		FE515968279AAED600E2CFBD /* ConfirmViewController.swift */ = {isa = PBXFileReference; lastKnownFileType = sourcecode.swift; path = ConfirmViewController.swift; sourceTree = "<group>"; };
		FE515976279B0DE800E2CFBD /* LoginViewModel.swift */ = {isa = PBXFileReference; lastKnownFileType = sourcecode.swift; path = LoginViewModel.swift; sourceTree = "<group>"; };
		FE515978279B1DA400E2CFBD /* Observable.swift */ = {isa = PBXFileReference; lastKnownFileType = sourcecode.swift; path = Observable.swift; sourceTree = "<group>"; };
		FE7BDCC2279B3D47001C75A9 /* SeSACFriends.entitlements */ = {isa = PBXFileReference; lastKnownFileType = text.plist.entitlements; path = SeSACFriends.entitlements; sourceTree = "<group>"; };
		FE7BDCC3279BC1E6001C75A9 /* GoogleService-Info.plist */ = {isa = PBXFileReference; fileEncoding = 4; lastKnownFileType = text.plist.xml; path = "GoogleService-Info.plist"; sourceTree = "<group>"; };
		FE7BDCC9279C0F42001C75A9 /* NickNameViewController.swift */ = {isa = PBXFileReference; lastKnownFileType = sourcecode.swift; path = NickNameViewController.swift; sourceTree = "<group>"; };
		FE7BDCCB279C4CA3001C75A9 /* NickNameView.swift */ = {isa = PBXFileReference; lastKnownFileType = sourcecode.swift; path = NickNameView.swift; sourceTree = "<group>"; };
		FE7BDCCD279C5962001C75A9 /* BirthView.swift */ = {isa = PBXFileReference; lastKnownFileType = sourcecode.swift; path = BirthView.swift; sourceTree = "<group>"; };
		FE7BDCCF279C5E3E001C75A9 /* BirthSubView.swift */ = {isa = PBXFileReference; lastKnownFileType = sourcecode.swift; path = BirthSubView.swift; sourceTree = "<group>"; };
		FE7BDCD1279C67B2001C75A9 /* BirthViewController.swift */ = {isa = PBXFileReference; lastKnownFileType = sourcecode.swift; path = BirthViewController.swift; sourceTree = "<group>"; };
		FE7BDCD3279C7788001C75A9 /* LoginViewModel + extension(Birth).swift */ = {isa = PBXFileReference; lastKnownFileType = sourcecode.swift; path = "LoginViewModel + extension(Birth).swift"; sourceTree = "<group>"; };
		FE7BDCD5279C7AFE001C75A9 /* EmailView.swift */ = {isa = PBXFileReference; lastKnownFileType = sourcecode.swift; path = EmailView.swift; sourceTree = "<group>"; };
		FE7BDCD7279C7B09001C75A9 /* EmailViewController.swift */ = {isa = PBXFileReference; lastKnownFileType = sourcecode.swift; path = EmailViewController.swift; sourceTree = "<group>"; };
		FE7BDCDF279E6868001C75A9 /* GenderView.swift */ = {isa = PBXFileReference; lastKnownFileType = sourcecode.swift; path = GenderView.swift; sourceTree = "<group>"; };
		FE7BDCE1279E68C5001C75A9 /* GenderViewController.swift */ = {isa = PBXFileReference; lastKnownFileType = sourcecode.swift; path = GenderViewController.swift; sourceTree = "<group>"; };
		FE7BDCE3279E69B0001C75A9 /* GenderButton.swift */ = {isa = PBXFileReference; lastKnownFileType = sourcecode.swift; path = GenderButton.swift; sourceTree = "<group>"; };
		FE7BDCE9279F04C7001C75A9 /* LoginViewModel + extension(apiCall).swift */ = {isa = PBXFileReference; lastKnownFileType = sourcecode.swift; path = "LoginViewModel + extension(apiCall).swift"; sourceTree = "<group>"; };
		FE7BDCEB279F04ED001C75A9 /* BaseURL.swift */ = {isa = PBXFileReference; lastKnownFileType = sourcecode.swift; path = BaseURL.swift; sourceTree = "<group>"; };
		FE7BDCF1279F054D001C75A9 /* EndPoint.swift */ = {isa = PBXFileReference; lastKnownFileType = sourcecode.swift; path = EndPoint.swift; sourceTree = "<group>"; };
		FE7BDCF3279F0562001C75A9 /* APIService.swift */ = {isa = PBXFileReference; lastKnownFileType = sourcecode.swift; path = APIService.swift; sourceTree = "<group>"; };
		FE7BDCF6279F05FB001C75A9 /* UserDefaultsKey.swift */ = {isa = PBXFileReference; lastKnownFileType = sourcecode.swift; path = UserDefaultsKey.swift; sourceTree = "<group>"; };
		FE7BDCF8279F1850001C75A9 /* SignUpModel.swift */ = {isa = PBXFileReference; lastKnownFileType = sourcecode.swift; path = SignUpModel.swift; sourceTree = "<group>"; };
		FE7BDCFA279F27BF001C75A9 /* testViewCon.swift */ = {isa = PBXFileReference; lastKnownFileType = sourcecode.swift; path = testViewCon.swift; sourceTree = "<group>"; };
/* End PBXFileReference section */

/* Begin PBXFrameworksBuildPhase section */
		FE26BD042796832600E92519 /* Frameworks */ = {
			isa = PBXFrameworksBuildPhase;
			buildActionMask = 2147483647;
			files = (
				FE7BDCC1279B3C6C001C75A9 /* FirebaseMessaging in Frameworks */,
				FE1E7A0927A1B4430043F0F7 /* JGProgressHUD in Frameworks */,
				FE51596F279AFE8200E2CFBD /* Alamofire in Frameworks */,
				FE7BDCBF279B3C6C001C75A9 /* FirebaseAuth in Frameworks */,
				FE51596C279AFE7400E2CFBD /* Toast in Frameworks */,
				FE7BDCBD279B3C6C001C75A9 /* FirebaseAnalytics in Frameworks */,
				FE51594A2796A8C000E2CFBD /* SnapKit in Frameworks */,
			);
			runOnlyForDeploymentPostprocessing = 0;
		};
/* End PBXFrameworksBuildPhase section */

/* Begin PBXGroup section */
		FE1E7A0127A11EE30043F0F7 /* Main */ = {
			isa = PBXGroup;
			children = (
				FE1E7A0227A11EF50043F0F7 /* Model */,
				FE1E7A0327A11EFC0043F0F7 /* ViewModel */,
				FE1E7A0427A11F070043F0F7 /* View */,
			);
			path = Main;
			sourceTree = "<group>";
		};
		FE1E7A0227A11EF50043F0F7 /* Model */ = {
			isa = PBXGroup;
			children = (
			);
			path = Model;
			sourceTree = "<group>";
		};
		FE1E7A0327A11EFC0043F0F7 /* ViewModel */ = {
			isa = PBXGroup;
			children = (
			);
			path = ViewModel;
			sourceTree = "<group>";
		};
		FE1E7A0427A11F070043F0F7 /* View */ = {
			isa = PBXGroup;
			children = (
				FE7BDCFA279F27BF001C75A9 /* testViewCon.swift */,
			);
			path = View;
			sourceTree = "<group>";
		};
		FE26BCFE2796832600E92519 = {
			isa = PBXGroup;
			children = (
				FE26BD092796832600E92519 /* SeSACFriends */,
				FE26BD082796832600E92519 /* Products */,
			);
			sourceTree = "<group>";
		};
		FE26BD082796832600E92519 /* Products */ = {
			isa = PBXGroup;
			children = (
				FE26BD072796832600E92519 /* SeSACFriends.app */,
			);
			name = Products;
			sourceTree = "<group>";
		};
		FE26BD092796832600E92519 /* SeSACFriends */ = {
			isa = PBXGroup;
			children = (
				FE7BDCC2279B3D47001C75A9 /* SeSACFriends.entitlements */,
				FE26BD0A2796832600E92519 /* AppDelegate.swift */,
				FE26BD0C2796832600E92519 /* SceneDelegate.swift */,
				FE515978279B1DA400E2CFBD /* Observable.swift */,
				FE1E79F9279FD2600043F0F7 /* Onboding.swift */,
				FE1E79FD279FD46D0043F0F7 /* FIRAuth.swift */,
				FE1E7A0527A1939A0043F0F7 /* InitialViewComtroller.swift */,
				FE7BDCF5279F05E6001C75A9 /* UserDefaultKey */,
				FE7BDCED279F050D001C75A9 /* API */,
				FE51595B279A8DF500E2CFBD /* Login */,
				FE1E7A0127A11EE30043F0F7 /* Main */,
				FE51595227994A6500E2CFBD /* CustomView */,
				FE515943279694FE00E2CFBD /* DesignExtension */,
				FE515971279B086300E2CFBD /* Protocols */,
				FE515970279B083A00E2CFBD /* Font */,
				FE26BD132796832800E92519 /* Assets.xcassets */,
				FE26BD152796832800E92519 /* LaunchScreen.storyboard */,
				FE26BD182796832800E92519 /* Info.plist */,
				FE7BDCC3279BC1E6001C75A9 /* GoogleService-Info.plist */,
			);
			path = SeSACFriends;
			sourceTree = "<group>";
		};
		FE515943279694FE00E2CFBD /* DesignExtension */ = {
			isa = PBXGroup;
			children = (
				FE51593F279692F900E2CFBD /* ColorExtension.swift */,
				FE515941279694FB00E2CFBD /* FontExtension.swift */,
			);
			path = DesignExtension;
			sourceTree = "<group>";
		};
		FE51595227994A6500E2CFBD /* CustomView */ = {
			isa = PBXGroup;
			children = (
				FE51595027993EFD00E2CFBD /* MainButton.swift */,
				FE5159532799B4D500E2CFBD /* MainTextField.swift */,
				FE515957279A894C00E2CFBD /* LoginBaseView.swift */,
				FE51595E279A984300E2CFBD /* BaseViewController.swift */,
				FE7BDCCF279C5E3E001C75A9 /* BirthSubView.swift */,
				FE7BDCE3279E69B0001C75A9 /* GenderButton.swift */,
			);
			path = CustomView;
			sourceTree = "<group>";
		};
		FE51595B279A8DF500E2CFBD /* Login */ = {
			isa = PBXGroup;
			children = (
				FE515974279B09DC00E2CFBD /* Model */,
				FE515973279B09D900E2CFBD /* ViewModel */,
				FE515972279B09BA00E2CFBD /* View */,
			);
			path = Login;
			sourceTree = "<group>";
		};
		FE515970279B083A00E2CFBD /* Font */ = {
			isa = PBXGroup;
			children = (
				FE5159452796A0CE00E2CFBD /* NotoSansCJKkr-Medium.otf */,
				FE5159442796A0CE00E2CFBD /* NotoSansCJKkr-Regular.otf */,
			);
			path = Font;
			sourceTree = "<group>";
		};
		FE515971279B086300E2CFBD /* Protocols */ = {
			isa = PBXGroup;
			children = (
				FE5159552799B95500E2CFBD /* ViewProtocols.swift */,
			);
			path = Protocols;
			sourceTree = "<group>";
		};
		FE515972279B09BA00E2CFBD /* View */ = {
			isa = PBXGroup;
			children = (
				FE515975279B0A2200E2CFBD /* View */,
				FE51595C279A90F300E2CFBD /* LoginViewController.swift */,
				FE515968279AAED600E2CFBD /* ConfirmViewController.swift */,
				FE7BDCC9279C0F42001C75A9 /* NickNameViewController.swift */,
				FE7BDCD1279C67B2001C75A9 /* BirthViewController.swift */,
				FE7BDCD7279C7B09001C75A9 /* EmailViewController.swift */,
				FE7BDCE1279E68C5001C75A9 /* GenderViewController.swift */,
			);
			path = View;
			sourceTree = "<group>";
		};
		FE515973279B09D900E2CFBD /* ViewModel */ = {
			isa = PBXGroup;
			children = (
				FE515976279B0DE800E2CFBD /* LoginViewModel.swift */,
				FE7BDCD3279C7788001C75A9 /* LoginViewModel + extension(Birth).swift */,
				FE7BDCE9279F04C7001C75A9 /* LoginViewModel + extension(apiCall).swift */,
			);
			path = ViewModel;
			sourceTree = "<group>";
		};
		FE515974279B09DC00E2CFBD /* Model */ = {
			isa = PBXGroup;
			children = (
				FE7BDCF8279F1850001C75A9 /* SignUpModel.swift */,
				FE1E79FF27A052CC0043F0F7 /* UserInfo.swift */,
			);
			path = Model;
			sourceTree = "<group>";
		};
		FE515975279B0A2200E2CFBD /* View */ = {
			isa = PBXGroup;
			children = (
				FE515959279A8DEB00E2CFBD /* LoginView.swift */,
				FE515966279AA2C800E2CFBD /* ConfirmView.swift */,
				FE7BDCCB279C4CA3001C75A9 /* NickNameView.swift */,
				FE7BDCCD279C5962001C75A9 /* BirthView.swift */,
				FE7BDCD5279C7AFE001C75A9 /* EmailView.swift */,
				FE7BDCDF279E6868001C75A9 /* GenderView.swift */,
			);
			path = View;
			sourceTree = "<group>";
		};
		FE7BDCED279F050D001C75A9 /* API */ = {
			isa = PBXGroup;
			children = (
				FE7BDCEB279F04ED001C75A9 /* BaseURL.swift */,
				FE7BDCF0279F0530001C75A9 /* Login */,
			);
			path = API;
			sourceTree = "<group>";
		};
		FE7BDCF0279F0530001C75A9 /* Login */ = {
			isa = PBXGroup;
			children = (
				FE7BDCF1279F054D001C75A9 /* EndPoint.swift */,
				FE7BDCF3279F0562001C75A9 /* APIService.swift */,
			);
			path = Login;
			sourceTree = "<group>";
		};
		FE7BDCF5279F05E6001C75A9 /* UserDefaultKey */ = {
			isa = PBXGroup;
			children = (
				FE7BDCF6279F05FB001C75A9 /* UserDefaultsKey.swift */,
			);
			path = UserDefaultKey;
			sourceTree = "<group>";
		};
/* End PBXGroup section */

/* Begin PBXNativeTarget section */
		FE26BD062796832600E92519 /* SeSACFriends */ = {
			isa = PBXNativeTarget;
			buildConfigurationList = FE26BD1B2796832800E92519 /* Build configuration list for PBXNativeTarget "SeSACFriends" */;
			buildPhases = (
				FE26BD032796832600E92519 /* Sources */,
				FE26BD042796832600E92519 /* Frameworks */,
				FE26BD052796832600E92519 /* Resources */,
			);
			buildRules = (
			);
			dependencies = (
			);
			name = SeSACFriends;
			packageProductDependencies = (
				FE5159492796A8C000E2CFBD /* SnapKit */,
				FE51596B279AFE7400E2CFBD /* Toast */,
				FE51596E279AFE8200E2CFBD /* Alamofire */,
				FE7BDCBC279B3C6C001C75A9 /* FirebaseAnalytics */,
				FE7BDCBE279B3C6C001C75A9 /* FirebaseAuth */,
				FE7BDCC0279B3C6C001C75A9 /* FirebaseMessaging */,
				FE1E7A0827A1B4430043F0F7 /* JGProgressHUD */,
			);
			productName = SeSACFriends;
			productReference = FE26BD072796832600E92519 /* SeSACFriends.app */;
			productType = "com.apple.product-type.application";
		};
/* End PBXNativeTarget section */

/* Begin PBXProject section */
		FE26BCFF2796832600E92519 /* Project object */ = {
			isa = PBXProject;
			attributes = {
				BuildIndependentTargetsInParallel = 1;
				LastSwiftUpdateCheck = 1310;
				LastUpgradeCheck = 1310;
				TargetAttributes = {
					FE26BD062796832600E92519 = {
						CreatedOnToolsVersion = 13.1;
					};
				};
			};
			buildConfigurationList = FE26BD022796832600E92519 /* Build configuration list for PBXProject "SeSACFriends" */;
			compatibilityVersion = "Xcode 13.0";
			developmentRegion = en;
			hasScannedForEncodings = 0;
			knownRegions = (
				en,
				Base,
			);
			mainGroup = FE26BCFE2796832600E92519;
			packageReferences = (
				FE5159482796A8C000E2CFBD /* XCRemoteSwiftPackageReference "SnapKit" */,
				FE51596A279AFE7400E2CFBD /* XCRemoteSwiftPackageReference "Toast-Swift" */,
				FE51596D279AFE8200E2CFBD /* XCRemoteSwiftPackageReference "Alamofire" */,
				FE7BDCBB279B3C6C001C75A9 /* XCRemoteSwiftPackageReference "firebase-ios-sdk" */,
				FE1E7A0727A1B4430043F0F7 /* XCRemoteSwiftPackageReference "JGProgressHUD" */,
			);
			productRefGroup = FE26BD082796832600E92519 /* Products */;
			projectDirPath = "";
			projectRoot = "";
			targets = (
				FE26BD062796832600E92519 /* SeSACFriends */,
			);
		};
/* End PBXProject section */

/* Begin PBXResourcesBuildPhase section */
		FE26BD052796832600E92519 /* Resources */ = {
			isa = PBXResourcesBuildPhase;
			buildActionMask = 2147483647;
			files = (
				FE26BD172796832800E92519 /* LaunchScreen.storyboard in Resources */,
				FE5159462796A0CE00E2CFBD /* NotoSansCJKkr-Regular.otf in Resources */,
				FE7BDCC4279BC1E6001C75A9 /* GoogleService-Info.plist in Resources */,
				FE26BD142796832800E92519 /* Assets.xcassets in Resources */,
				FE5159472796A0CE00E2CFBD /* NotoSansCJKkr-Medium.otf in Resources */,
			);
			runOnlyForDeploymentPostprocessing = 0;
		};
/* End PBXResourcesBuildPhase section */

/* Begin PBXSourcesBuildPhase section */
		FE26BD032796832600E92519 /* Sources */ = {
			isa = PBXSourcesBuildPhase;
			buildActionMask = 2147483647;
			files = (
				FE7BDCEA279F04C7001C75A9 /* LoginViewModel + extension(apiCall).swift in Sources */,
				FE7BDCCC279C4CA3001C75A9 /* NickNameView.swift in Sources */,
				FE515942279694FB00E2CFBD /* FontExtension.swift in Sources */,
				FE7BDCE2279E68C5001C75A9 /* GenderViewController.swift in Sources */,
				FE1E79FA279FD2600043F0F7 /* Onboding.swift in Sources */,
				FE7BDCD8279C7B09001C75A9 /* EmailViewController.swift in Sources */,
				FE515979279B1DA400E2CFBD /* Observable.swift in Sources */,
				FE7BDCD4279C7788001C75A9 /* LoginViewModel + extension(Birth).swift in Sources */,
				FE1E79FE279FD46D0043F0F7 /* FIRAuth.swift in Sources */,
				FE7BDCF7279F05FB001C75A9 /* UserDefaultsKey.swift in Sources */,
				FE51595127993EFD00E2CFBD /* MainButton.swift in Sources */,
				FE26BD0B2796832600E92519 /* AppDelegate.swift in Sources */,
				FE7BDCCE279C5962001C75A9 /* BirthView.swift in Sources */,
				FE515958279A894C00E2CFBD /* LoginBaseView.swift in Sources */,
				FE7BDCF2279F054D001C75A9 /* EndPoint.swift in Sources */,
				FE515969279AAED600E2CFBD /* ConfirmViewController.swift in Sources */,
				FE515967279AA2C800E2CFBD /* ConfirmView.swift in Sources */,
				FE515977279B0DE800E2CFBD /* LoginViewModel.swift in Sources */,
				FE51595F279A984300E2CFBD /* BaseViewController.swift in Sources */,
				FE26BD0D2796832600E92519 /* SceneDelegate.swift in Sources */,
				FE7BDCD6279C7AFE001C75A9 /* EmailView.swift in Sources */,
				FE1E7A0627A1939A0043F0F7 /* InitialViewComtroller.swift in Sources */,
				FE515940279692F900E2CFBD /* ColorExtension.swift in Sources */,
				FE5159542799B4D500E2CFBD /* MainTextField.swift in Sources */,
				FE7BDCCA279C0F42001C75A9 /* NickNameViewController.swift in Sources */,
				FE7BDCE4279E69B0001C75A9 /* GenderButton.swift in Sources */,
				FE7BDCEC279F04ED001C75A9 /* BaseURL.swift in Sources */,
				FE7BDCFB279F27BF001C75A9 /* testViewCon.swift in Sources */,
				FE51595A279A8DEB00E2CFBD /* LoginView.swift in Sources */,
				FE7BDCD2279C67B3001C75A9 /* BirthViewController.swift in Sources */,
				FE7BDCF4279F0562001C75A9 /* APIService.swift in Sources */,
				FE1E7A0027A052CC0043F0F7 /* UserInfo.swift in Sources */,
				FE7BDCE0279E6868001C75A9 /* GenderView.swift in Sources */,
				FE5159562799B95500E2CFBD /* ViewProtocols.swift in Sources */,
				FE51595D279A90F300E2CFBD /* LoginViewController.swift in Sources */,
				FE7BDCF9279F1850001C75A9 /* SignUpModel.swift in Sources */,
				FE7BDCD0279C5E3E001C75A9 /* BirthSubView.swift in Sources */,
			);
			runOnlyForDeploymentPostprocessing = 0;
		};
/* End PBXSourcesBuildPhase section */

/* Begin PBXVariantGroup section */
		FE26BD152796832800E92519 /* LaunchScreen.storyboard */ = {
			isa = PBXVariantGroup;
			children = (
				FE26BD162796832800E92519 /* Base */,
			);
			name = LaunchScreen.storyboard;
			sourceTree = "<group>";
		};
/* End PBXVariantGroup section */

/* Begin XCBuildConfiguration section */
		FE26BD192796832800E92519 /* Debug */ = {
			isa = XCBuildConfiguration;
			buildSettings = {
				ALWAYS_SEARCH_USER_PATHS = NO;
				CLANG_ANALYZER_NONNULL = YES;
				CLANG_ANALYZER_NUMBER_OBJECT_CONVERSION = YES_AGGRESSIVE;
				CLANG_CXX_LANGUAGE_STANDARD = "gnu++17";
				CLANG_CXX_LIBRARY = "libc++";
				CLANG_ENABLE_MODULES = YES;
				CLANG_ENABLE_OBJC_ARC = YES;
				CLANG_ENABLE_OBJC_WEAK = YES;
				CLANG_WARN_BLOCK_CAPTURE_AUTORELEASING = YES;
				CLANG_WARN_BOOL_CONVERSION = YES;
				CLANG_WARN_COMMA = YES;
				CLANG_WARN_CONSTANT_CONVERSION = YES;
				CLANG_WARN_DEPRECATED_OBJC_IMPLEMENTATIONS = YES;
				CLANG_WARN_DIRECT_OBJC_ISA_USAGE = YES_ERROR;
				CLANG_WARN_DOCUMENTATION_COMMENTS = YES;
				CLANG_WARN_EMPTY_BODY = YES;
				CLANG_WARN_ENUM_CONVERSION = YES;
				CLANG_WARN_INFINITE_RECURSION = YES;
				CLANG_WARN_INT_CONVERSION = YES;
				CLANG_WARN_NON_LITERAL_NULL_CONVERSION = YES;
				CLANG_WARN_OBJC_IMPLICIT_RETAIN_SELF = YES;
				CLANG_WARN_OBJC_LITERAL_CONVERSION = YES;
				CLANG_WARN_OBJC_ROOT_CLASS = YES_ERROR;
				CLANG_WARN_QUOTED_INCLUDE_IN_FRAMEWORK_HEADER = YES;
				CLANG_WARN_RANGE_LOOP_ANALYSIS = YES;
				CLANG_WARN_STRICT_PROTOTYPES = YES;
				CLANG_WARN_SUSPICIOUS_MOVE = YES;
				CLANG_WARN_UNGUARDED_AVAILABILITY = YES_AGGRESSIVE;
				CLANG_WARN_UNREACHABLE_CODE = YES;
				CLANG_WARN__DUPLICATE_METHOD_MATCH = YES;
				COPY_PHASE_STRIP = NO;
				DEBUG_INFORMATION_FORMAT = dwarf;
				ENABLE_STRICT_OBJC_MSGSEND = YES;
				ENABLE_TESTABILITY = YES;
				GCC_C_LANGUAGE_STANDARD = gnu11;
				GCC_DYNAMIC_NO_PIC = NO;
				GCC_NO_COMMON_BLOCKS = YES;
				GCC_OPTIMIZATION_LEVEL = 0;
				GCC_PREPROCESSOR_DEFINITIONS = (
					"DEBUG=1",
					"$(inherited)",
				);
				GCC_WARN_64_TO_32_BIT_CONVERSION = YES;
				GCC_WARN_ABOUT_RETURN_TYPE = YES_ERROR;
				GCC_WARN_UNDECLARED_SELECTOR = YES;
				GCC_WARN_UNINITIALIZED_AUTOS = YES_AGGRESSIVE;
				GCC_WARN_UNUSED_FUNCTION = YES;
				GCC_WARN_UNUSED_VARIABLE = YES;
				IPHONEOS_DEPLOYMENT_TARGET = 15.0;
				MTL_ENABLE_DEBUG_INFO = INCLUDE_SOURCE;
				MTL_FAST_MATH = YES;
				ONLY_ACTIVE_ARCH = YES;
				SDKROOT = iphoneos;
				SWIFT_ACTIVE_COMPILATION_CONDITIONS = DEBUG;
				SWIFT_OPTIMIZATION_LEVEL = "-Onone";
			};
			name = Debug;
		};
		FE26BD1A2796832800E92519 /* Release */ = {
			isa = XCBuildConfiguration;
			buildSettings = {
				ALWAYS_SEARCH_USER_PATHS = NO;
				CLANG_ANALYZER_NONNULL = YES;
				CLANG_ANALYZER_NUMBER_OBJECT_CONVERSION = YES_AGGRESSIVE;
				CLANG_CXX_LANGUAGE_STANDARD = "gnu++17";
				CLANG_CXX_LIBRARY = "libc++";
				CLANG_ENABLE_MODULES = YES;
				CLANG_ENABLE_OBJC_ARC = YES;
				CLANG_ENABLE_OBJC_WEAK = YES;
				CLANG_WARN_BLOCK_CAPTURE_AUTORELEASING = YES;
				CLANG_WARN_BOOL_CONVERSION = YES;
				CLANG_WARN_COMMA = YES;
				CLANG_WARN_CONSTANT_CONVERSION = YES;
				CLANG_WARN_DEPRECATED_OBJC_IMPLEMENTATIONS = YES;
				CLANG_WARN_DIRECT_OBJC_ISA_USAGE = YES_ERROR;
				CLANG_WARN_DOCUMENTATION_COMMENTS = YES;
				CLANG_WARN_EMPTY_BODY = YES;
				CLANG_WARN_ENUM_CONVERSION = YES;
				CLANG_WARN_INFINITE_RECURSION = YES;
				CLANG_WARN_INT_CONVERSION = YES;
				CLANG_WARN_NON_LITERAL_NULL_CONVERSION = YES;
				CLANG_WARN_OBJC_IMPLICIT_RETAIN_SELF = YES;
				CLANG_WARN_OBJC_LITERAL_CONVERSION = YES;
				CLANG_WARN_OBJC_ROOT_CLASS = YES_ERROR;
				CLANG_WARN_QUOTED_INCLUDE_IN_FRAMEWORK_HEADER = YES;
				CLANG_WARN_RANGE_LOOP_ANALYSIS = YES;
				CLANG_WARN_STRICT_PROTOTYPES = YES;
				CLANG_WARN_SUSPICIOUS_MOVE = YES;
				CLANG_WARN_UNGUARDED_AVAILABILITY = YES_AGGRESSIVE;
				CLANG_WARN_UNREACHABLE_CODE = YES;
				CLANG_WARN__DUPLICATE_METHOD_MATCH = YES;
				COPY_PHASE_STRIP = NO;
				DEBUG_INFORMATION_FORMAT = "dwarf-with-dsym";
				ENABLE_NS_ASSERTIONS = NO;
				ENABLE_STRICT_OBJC_MSGSEND = YES;
				GCC_C_LANGUAGE_STANDARD = gnu11;
				GCC_NO_COMMON_BLOCKS = YES;
				GCC_WARN_64_TO_32_BIT_CONVERSION = YES;
				GCC_WARN_ABOUT_RETURN_TYPE = YES_ERROR;
				GCC_WARN_UNDECLARED_SELECTOR = YES;
				GCC_WARN_UNINITIALIZED_AUTOS = YES_AGGRESSIVE;
				GCC_WARN_UNUSED_FUNCTION = YES;
				GCC_WARN_UNUSED_VARIABLE = YES;
				IPHONEOS_DEPLOYMENT_TARGET = 15.0;
				MTL_ENABLE_DEBUG_INFO = NO;
				MTL_FAST_MATH = YES;
				SDKROOT = iphoneos;
				SWIFT_COMPILATION_MODE = wholemodule;
				SWIFT_OPTIMIZATION_LEVEL = "-O";
				VALIDATE_PRODUCT = YES;
			};
			name = Release;
		};
		FE26BD1C2796832800E92519 /* Debug */ = {
			isa = XCBuildConfiguration;
			buildSettings = {
				ASSETCATALOG_COMPILER_APPICON_NAME = AppIcon;
				ASSETCATALOG_COMPILER_GLOBAL_ACCENT_COLOR_NAME = AccentColor;
				CODE_SIGN_ENTITLEMENTS = SeSACFriends/SeSACFriends.entitlements;
				CODE_SIGN_STYLE = Automatic;
				CURRENT_PROJECT_VERSION = 1;
				DEVELOPMENT_TEAM = 2EZ5QWFYX2;
				GENERATE_INFOPLIST_FILE = YES;
				INFOPLIST_FILE = SeSACFriends/Info.plist;
				INFOPLIST_KEY_UIApplicationSupportsIndirectInputEvents = YES;
				INFOPLIST_KEY_UILaunchStoryboardName = LaunchScreen;
				INFOPLIST_KEY_UISupportedInterfaceOrientations_iPad = "UIInterfaceOrientationPortrait UIInterfaceOrientationPortraitUpsideDown UIInterfaceOrientationLandscapeLeft UIInterfaceOrientationLandscapeRight";
				INFOPLIST_KEY_UISupportedInterfaceOrientations_iPhone = "UIInterfaceOrientationPortrait UIInterfaceOrientationLandscapeLeft UIInterfaceOrientationLandscapeRight";
				LD_RUNPATH_SEARCH_PATHS = (
					"$(inherited)",
					"@executable_path/Frameworks",
				);
				MARKETING_VERSION = 1.0;
				PRODUCT_BUNDLE_IDENTIFIER = com.memolease.sesac1;
				PRODUCT_NAME = "$(TARGET_NAME)";
				SWIFT_EMIT_LOC_STRINGS = YES;
				SWIFT_VERSION = 5.0;
				TARGETED_DEVICE_FAMILY = "1,2";
			};
			name = Debug;
		};
		FE26BD1D2796832800E92519 /* Release */ = {
			isa = XCBuildConfiguration;
			buildSettings = {
				ASSETCATALOG_COMPILER_APPICON_NAME = AppIcon;
				ASSETCATALOG_COMPILER_GLOBAL_ACCENT_COLOR_NAME = AccentColor;
				CODE_SIGN_ENTITLEMENTS = SeSACFriends/SeSACFriends.entitlements;
				CODE_SIGN_STYLE = Automatic;
				CURRENT_PROJECT_VERSION = 1;
				DEVELOPMENT_TEAM = 2EZ5QWFYX2;
				GENERATE_INFOPLIST_FILE = YES;
				INFOPLIST_FILE = SeSACFriends/Info.plist;
				INFOPLIST_KEY_UIApplicationSupportsIndirectInputEvents = YES;
				INFOPLIST_KEY_UILaunchStoryboardName = LaunchScreen;
				INFOPLIST_KEY_UISupportedInterfaceOrientations_iPad = "UIInterfaceOrientationPortrait UIInterfaceOrientationPortraitUpsideDown UIInterfaceOrientationLandscapeLeft UIInterfaceOrientationLandscapeRight";
				INFOPLIST_KEY_UISupportedInterfaceOrientations_iPhone = "UIInterfaceOrientationPortrait UIInterfaceOrientationLandscapeLeft UIInterfaceOrientationLandscapeRight";
				LD_RUNPATH_SEARCH_PATHS = (
					"$(inherited)",
					"@executable_path/Frameworks",
				);
				MARKETING_VERSION = 1.0;
				PRODUCT_BUNDLE_IDENTIFIER = com.memolease.sesac1;
				PRODUCT_NAME = "$(TARGET_NAME)";
				SWIFT_EMIT_LOC_STRINGS = YES;
				SWIFT_VERSION = 5.0;
				TARGETED_DEVICE_FAMILY = "1,2";
			};
			name = Release;
		};
/* End XCBuildConfiguration section */

/* Begin XCConfigurationList section */
		FE26BD022796832600E92519 /* Build configuration list for PBXProject "SeSACFriends" */ = {
			isa = XCConfigurationList;
			buildConfigurations = (
				FE26BD192796832800E92519 /* Debug */,
				FE26BD1A2796832800E92519 /* Release */,
			);
			defaultConfigurationIsVisible = 0;
			defaultConfigurationName = Release;
		};
		FE26BD1B2796832800E92519 /* Build configuration list for PBXNativeTarget "SeSACFriends" */ = {
			isa = XCConfigurationList;
			buildConfigurations = (
				FE26BD1C2796832800E92519 /* Debug */,
				FE26BD1D2796832800E92519 /* Release */,
			);
			defaultConfigurationIsVisible = 0;
			defaultConfigurationName = Release;
		};
/* End XCConfigurationList section */

/* Begin XCRemoteSwiftPackageReference section */
		FE1E7A0727A1B4430043F0F7 /* XCRemoteSwiftPackageReference "JGProgressHUD" */ = {
			isa = XCRemoteSwiftPackageReference;
			repositoryURL = "https://github.com/JonasGessner/JGProgressHUD.git";
			requirement = {
				kind = upToNextMajorVersion;
				minimumVersion = 2.0.0;
			};
		};
		FE5159482796A8C000E2CFBD /* XCRemoteSwiftPackageReference "SnapKit" */ = {
			isa = XCRemoteSwiftPackageReference;
			repositoryURL = "https://github.com/SnapKit/SnapKit.git";
			requirement = {
				kind = upToNextMajorVersion;
				minimumVersion = 5.0.0;
			};
		};
		FE51596A279AFE7400E2CFBD /* XCRemoteSwiftPackageReference "Toast-Swift" */ = {
			isa = XCRemoteSwiftPackageReference;
			repositoryURL = "https://github.com/scalessec/Toast-Swift.git";
			requirement = {
				kind = upToNextMajorVersion;
				minimumVersion = 5.0.0;
			};
		};
		FE51596D279AFE8200E2CFBD /* XCRemoteSwiftPackageReference "Alamofire" */ = {
			isa = XCRemoteSwiftPackageReference;
			repositoryURL = "https://github.com/Alamofire/Alamofire";
			requirement = {
				kind = upToNextMajorVersion;
				minimumVersion = 5.0.0;
			};
		};
		FE7BDCBB279B3C6C001C75A9 /* XCRemoteSwiftPackageReference "firebase-ios-sdk" */ = {
			isa = XCRemoteSwiftPackageReference;
			repositoryURL = "https://github.com/firebase/firebase-ios-sdk.git";
			requirement = {
				kind = upToNextMajorVersion;
				minimumVersion = 8.0.0;
			};
		};
/* End XCRemoteSwiftPackageReference section */

/* Begin XCSwiftPackageProductDependency section */
		FE1E7A0827A1B4430043F0F7 /* JGProgressHUD */ = {
			isa = XCSwiftPackageProductDependency;
			package = FE1E7A0727A1B4430043F0F7 /* XCRemoteSwiftPackageReference "JGProgressHUD" */;
			productName = JGProgressHUD;
		};
		FE5159492796A8C000E2CFBD /* SnapKit */ = {
			isa = XCSwiftPackageProductDependency;
			package = FE5159482796A8C000E2CFBD /* XCRemoteSwiftPackageReference "SnapKit" */;
			productName = SnapKit;
		};
		FE51596B279AFE7400E2CFBD /* Toast */ = {
			isa = XCSwiftPackageProductDependency;
			package = FE51596A279AFE7400E2CFBD /* XCRemoteSwiftPackageReference "Toast-Swift" */;
			productName = Toast;
		};
		FE51596E279AFE8200E2CFBD /* Alamofire */ = {
			isa = XCSwiftPackageProductDependency;
			package = FE51596D279AFE8200E2CFBD /* XCRemoteSwiftPackageReference "Alamofire" */;
			productName = Alamofire;
		};
		FE7BDCBC279B3C6C001C75A9 /* FirebaseAnalytics */ = {
			isa = XCSwiftPackageProductDependency;
			package = FE7BDCBB279B3C6C001C75A9 /* XCRemoteSwiftPackageReference "firebase-ios-sdk" */;
			productName = FirebaseAnalytics;
		};
		FE7BDCBE279B3C6C001C75A9 /* FirebaseAuth */ = {
			isa = XCSwiftPackageProductDependency;
			package = FE7BDCBB279B3C6C001C75A9 /* XCRemoteSwiftPackageReference "firebase-ios-sdk" */;
			productName = FirebaseAuth;
		};
		FE7BDCC0279B3C6C001C75A9 /* FirebaseMessaging */ = {
			isa = XCSwiftPackageProductDependency;
			package = FE7BDCBB279B3C6C001C75A9 /* XCRemoteSwiftPackageReference "firebase-ios-sdk" */;
			productName = FirebaseMessaging;
		};
/* End XCSwiftPackageProductDependency section */
	};
	rootObject = FE26BCFF2796832600E92519 /* Project object */;
}
